
Microsoft Visual Studio Solution File, Format Version 12.00
# Visual Studio Version 16
VisualStudioVersion = 16.0.30804.86
MinimumVisualStudioVersion = 10.0.40219.1
Project("{FAE04EC0-301F-11D3-BF4B-00C04F79EFBC}") = "Course", "Course\Course.csproj", "{22094247-6EC8-4B90-923D-F4DDA62131FF}"
EndProject
Global
	GlobalSection(SolutionConfigurationPlatforms) = preSolution
		Debug|Any CPU = Debug|Any CPU
		Release|Any CPU = Release|Any CPU
	EndGlobalSection
	GlobalSection(ProjectConfigurationPlatforms) = postSolution
		{22094247-6EC8-4B90-923D-F4DDA62131FF}.Debug|Any CPU.ActiveCfg = Debug|Any CPU
		{22094247-6EC8-4B90-923D-F4DDA62131FF}.Debug|Any CPU.Build.0 = Debug|Any CPU
		{22094247-6EC8-4B90-923D-F4DDA62131FF}.Release|Any CPU.ActiveCfg = Release|Any CPU
		{22094247-6EC8-4B90-923D-F4DDA62131FF}.Release|Any CPU.Build.0 = Release|Any CPU
	EndGlobalSection
	GlobalSection(SolutionProperties) = preSolution
		HideSolutionNode = FALSE
	EndGlobalSection
	GlobalSection(ExtensibilityGlobals) = postSolution
		SolutionGuid = {6CFBB71C-D313-4FF4-9EF8-1129F22D35BD}
	EndGlobalSection
EndGlobal
