
Microsoft Visual Studio Solution File, Format Version 12.00
# Visual Studio Version 16
VisualStudioVersion = 16.0.30804.86
MinimumVisualStudioVersion = 10.0.40219.1
Project("{FAE04EC0-301F-11D3-BF4B-00C04F79EFBC}") = "Course", "Course\Course.csproj", "{50F4B062-CE70-4D13-BC10-3F7790555FD0}"
EndProject
Global
	GlobalSection(SolutionConfigurationPlatforms) = preSolution
		Debug|Any CPU = Debug|Any CPU
		Release|Any CPU = Release|Any CPU
	EndGlobalSection
	GlobalSection(ProjectConfigurationPlatforms) = postSolution
		{50F4B062-CE70-4D13-BC10-3F7790555FD0}.Debug|Any CPU.ActiveCfg = Debug|Any CPU
		{50F4B062-CE70-4D13-BC10-3F7790555FD0}.Debug|Any CPU.Build.0 = Debug|Any CPU
		{50F4B062-CE70-4D13-BC10-3F7790555FD0}.Release|Any CPU.ActiveCfg = Release|Any CPU
		{50F4B062-CE70-4D13-BC10-3F7790555FD0}.Release|Any CPU.Build.0 = Release|Any CPU
	EndGlobalSection
	GlobalSection(SolutionProperties) = preSolution
		HideSolutionNode = FALSE
	EndGlobalSection
	GlobalSection(ExtensibilityGlobals) = postSolution
		SolutionGuid = {ABB08B85-8CC8-4826-B7D4-68FF46532AC7}
	EndGlobalSection
EndGlobal
