
Microsoft Visual Studio Solution File, Format Version 12.00
# Visual Studio Version 16
VisualStudioVersion = 16.0.31112.23
MinimumVisualStudioVersion = 10.0.40219.1
Project("{FAE04EC0-301F-11D3-BF4B-00C04F79EFBC}") = "Exercise", "Exercise\Exercise.csproj", "{8B5C64AF-39BD-4C78-A6DC-81372AAA7EF5}"
EndProject
Global
	GlobalSection(SolutionConfigurationPlatforms) = preSolution
		Debug|Any CPU = Debug|Any CPU
		Release|Any CPU = Release|Any CPU
	EndGlobalSection
	GlobalSection(ProjectConfigurationPlatforms) = postSolution
		{8B5C64AF-39BD-4C78-A6DC-81372AAA7EF5}.Debug|Any CPU.ActiveCfg = Debug|Any CPU
		{8B5C64AF-39BD-4C78-A6DC-81372AAA7EF5}.Debug|Any CPU.Build.0 = Debug|Any CPU
		{8B5C64AF-39BD-4C78-A6DC-81372AAA7EF5}.Release|Any CPU.ActiveCfg = Release|Any CPU
		{8B5C64AF-39BD-4C78-A6DC-81372AAA7EF5}.Release|Any CPU.Build.0 = Release|Any CPU
	EndGlobalSection
	GlobalSection(SolutionProperties) = preSolution
		HideSolutionNode = FALSE
	EndGlobalSection
	GlobalSection(ExtensibilityGlobals) = postSolution
		SolutionGuid = {4D673192-C9DE-4C43-9DCD-139252E3CED6}
	EndGlobalSection
EndGlobal
